// !$*UTF8*$!
{
	archiveVersion = 1;
	classes = {
	};
	objectVersion = 50;
	objects = {

/* Begin PBXBuildFile section */
		EEB5C1012236A71B00CE7087 /* AppDelegate.swift in Sources */ = {isa = PBXBuildFile; fileRef = EEB5C1002236A71B00CE7087 /* AppDelegate.swift */; };
		EEB5C1032236A71B00CE7087 /* ViewController.swift in Sources */ = {isa = PBXBuildFile; fileRef = EEB5C1022236A71B00CE7087 /* ViewController.swift */; };
		EEB5C1062236A71B00CE7087 /* Main.storyboard in Resources */ = {isa = PBXBuildFile; fileRef = EEB5C1042236A71B00CE7087 /* Main.storyboard */; };
		EEB5C1082236A71C00CE7087 /* Assets.xcassets in Resources */ = {isa = PBXBuildFile; fileRef = EEB5C1072236A71C00CE7087 /* Assets.xcassets */; };
		EEB5C10B2236A71C00CE7087 /* LaunchScreen.storyboard in Resources */ = {isa = PBXBuildFile; fileRef = EEB5C1092236A71C00CE7087 /* LaunchScreen.storyboard */; };
		EEB5C1582237F22800CE7087 /* UIViewComponents.framework in Frameworks */ = {isa = PBXBuildFile; fileRef = EEB5C1572237F22800CE7087 /* UIViewComponents.framework */; };
		EEB5C15A2237F23B00CE7087 /* AppearingView.nib in Resources */ = {isa = PBXBuildFile; fileRef = EEB5C1592237F23B00CE7087 /* AppearingView.nib */; };
		EEB5C15C2237F2FC00CE7087 /* UIViewComponents.framework in Embed Frameworks */ = {isa = PBXBuildFile; fileRef = EEB5C1572237F22800CE7087 /* UIViewComponents.framework */; settings = {ATTRIBUTES = (CodeSignOnCopy, RemoveHeadersOnCopy, ); }; };
/* End PBXBuildFile section */

/* Begin PBXCopyFilesBuildPhase section */
		EEB5C11A2236A8A500CE7087 /* Embed Frameworks */ = {
			isa = PBXCopyFilesBuildPhase;
			buildActionMask = 2147483647;
			dstPath = "";
			dstSubfolderSpec = 10;
			files = (
				EEB5C15C2237F2FC00CE7087 /* UIViewComponents.framework in Embed Frameworks */,
			);
			name = "Embed Frameworks";
			runOnlyForDeploymentPostprocessing = 0;
		};
		EEB5C11E2236AA4D00CE7087 /* CopyFiles */ = {
			isa = PBXCopyFilesBuildPhase;
			buildActionMask = 2147483647;
			dstPath = "";
			dstSubfolderSpec = 7;
			files = (
			);
			runOnlyForDeploymentPostprocessing = 0;
		};
/* End PBXCopyFilesBuildPhase section */

/* Begin PBXFileReference section */
		EEB5C0FD2236A71B00CE7087 /* TestingFrameworks.app */ = {isa = PBXFileReference; explicitFileType = wrapper.application; includeInIndex = 0; path = TestingFrameworks.app; sourceTree = BUILT_PRODUCTS_DIR; };
		EEB5C1002236A71B00CE7087 /* AppDelegate.swift */ = {isa = PBXFileReference; lastKnownFileType = sourcecode.swift; path = AppDelegate.swift; sourceTree = "<group>"; };
		EEB5C1022236A71B00CE7087 /* ViewController.swift */ = {isa = PBXFileReference; lastKnownFileType = sourcecode.swift; path = ViewController.swift; sourceTree = "<group>"; };
		EEB5C1052236A71B00CE7087 /* Base */ = {isa = PBXFileReference; lastKnownFileType = file.storyboard; name = Base; path = Base.lproj/Main.storyboard; sourceTree = "<group>"; };
		EEB5C1072236A71C00CE7087 /* Assets.xcassets */ = {isa = PBXFileReference; lastKnownFileType = folder.assetcatalog; path = Assets.xcassets; sourceTree = "<group>"; };
		EEB5C10A2236A71C00CE7087 /* Base */ = {isa = PBXFileReference; lastKnownFileType = file.storyboard; name = Base; path = Base.lproj/LaunchScreen.storyboard; sourceTree = "<group>"; };
		EEB5C10C2236A71C00CE7087 /* Info.plist */ = {isa = PBXFileReference; lastKnownFileType = text.plist.xml; path = Info.plist; sourceTree = "<group>"; };
		EEB5C1572237F22800CE7087 /* UIViewComponents.framework */ = {isa = PBXFileReference; lastKnownFileType = wrapper.framework; path = UIViewComponents.framework; sourceTree = "<group>"; };
		EEB5C1592237F23B00CE7087 /* AppearingView.nib */ = {isa = PBXFileReference; lastKnownFileType = file; path = AppearingView.nib; sourceTree = "<group>"; };
/* End PBXFileReference section */

/* Begin PBXFrameworksBuildPhase section */
		EEB5C0FA2236A71B00CE7087 /* Frameworks */ = {
			isa = PBXFrameworksBuildPhase;
			buildActionMask = 2147483647;
			files = (
				EEB5C1582237F22800CE7087 /* UIViewComponents.framework in Frameworks */,
			);
			runOnlyForDeploymentPostprocessing = 0;
		};
/* End PBXFrameworksBuildPhase section */

/* Begin PBXGroup section */
		EEB5C0F42236A71B00CE7087 = {
			isa = PBXGroup;
			children = (
				EEB5C0FF2236A71B00CE7087 /* TestingFrameworks */,
				EEB5C0FE2236A71B00CE7087 /* Products */,
			);
			sourceTree = "<group>";
		};
		EEB5C0FE2236A71B00CE7087 /* Products */ = {
			isa = PBXGroup;
			children = (
				EEB5C0FD2236A71B00CE7087 /* TestingFrameworks.app */,
			);
			name = Products;
			sourceTree = "<group>";
		};
		EEB5C0FF2236A71B00CE7087 /* TestingFrameworks */ = {
			isa = PBXGroup;
			children = (
				EEB5C11D2236A92900CE7087 /* addons */,
				EEB5C1122236A7AB00CE7087 /* Frameworks */,
				EEB5C1002236A71B00CE7087 /* AppDelegate.swift */,
				EEB5C1022236A71B00CE7087 /* ViewController.swift */,
				EEB5C1042236A71B00CE7087 /* Main.storyboard */,
				EEB5C1072236A71C00CE7087 /* Assets.xcassets */,
				EEB5C1092236A71C00CE7087 /* LaunchScreen.storyboard */,
				EEB5C10C2236A71C00CE7087 /* Info.plist */,
			);
			path = TestingFrameworks;
			sourceTree = "<group>";
		};
		EEB5C1122236A7AB00CE7087 /* Frameworks */ = {
			isa = PBXGroup;
			children = (
				EEB5C1132236A7B200CE7087 /* UI */,
			);
			path = Frameworks;
			sourceTree = "<group>";
		};
		EEB5C1132236A7B200CE7087 /* UI */ = {
			isa = PBXGroup;
			children = (
				EEB5C1572237F22800CE7087 /* UIViewComponents.framework */,
			);
			path = UI;
			sourceTree = "<group>";
		};
		EEB5C11D2236A92900CE7087 /* addons */ = {
			isa = PBXGroup;
			children = (
				EEB5C1592237F23B00CE7087 /* AppearingView.nib */,
			);
			path = addons;
			sourceTree = "<group>";
		};
/* End PBXGroup section */

/* Begin PBXNativeTarget section */
		EEB5C0FC2236A71B00CE7087 /* TestingFrameworks */ = {
			isa = PBXNativeTarget;
			buildConfigurationList = EEB5C10F2236A71C00CE7087 /* Build configuration list for PBXNativeTarget "TestingFrameworks" */;
			buildPhases = (
				EEB5C0F92236A71B00CE7087 /* Sources */,
				EEB5C0FA2236A71B00CE7087 /* Frameworks */,
				EEB5C0FB2236A71B00CE7087 /* Resources */,
				EEB5C11A2236A8A500CE7087 /* Embed Frameworks */,
				EEB5C11E2236AA4D00CE7087 /* CopyFiles */,
			);
			buildRules = (
			);
			dependencies = (
			);
			name = TestingFrameworks;
			productName = TestingFrameworks;
			productReference = EEB5C0FD2236A71B00CE7087 /* TestingFrameworks.app */;
			productType = "com.apple.product-type.application";
		};
/* End PBXNativeTarget section */

/* Begin PBXProject section */
		EEB5C0F52236A71B00CE7087 /* Project object */ = {
			isa = PBXProject;
			attributes = {
				LastSwiftUpdateCheck = 1010;
				LastUpgradeCheck = 1010;
				ORGANIZATIONNAME = "Lainel John Dela Cruz";
				TargetAttributes = {
					EEB5C0FC2236A71B00CE7087 = {
						CreatedOnToolsVersion = 10.1;
					};
				};
			};
			buildConfigurationList = EEB5C0F82236A71B00CE7087 /* Build configuration list for PBXProject "TestingFrameworks" */;
			compatibilityVersion = "Xcode 9.3";
			developmentRegion = en;
			hasScannedForEncodings = 0;
			knownRegions = (
				en,
				Base,
			);
			mainGroup = EEB5C0F42236A71B00CE7087;
			productRefGroup = EEB5C0FE2236A71B00CE7087 /* Products */;
			projectDirPath = "";
			projectRoot = "";
			targets = (
				EEB5C0FC2236A71B00CE7087 /* TestingFrameworks */,
			);
		};
/* End PBXProject section */

/* Begin PBXResourcesBuildPhase section */
		EEB5C0FB2236A71B00CE7087 /* Resources */ = {
			isa = PBXResourcesBuildPhase;
			buildActionMask = 2147483647;
			files = (
				EEB5C15A2237F23B00CE7087 /* AppearingView.nib in Resources */,
				EEB5C10B2236A71C00CE7087 /* LaunchScreen.storyboard in Resources */,
				EEB5C1082236A71C00CE7087 /* Assets.xcassets in Resources */,
				EEB5C1062236A71B00CE7087 /* Main.storyboard in Resources */,
			);
			runOnlyForDeploymentPostprocessing = 0;
		};
/* End PBXResourcesBuildPhase section */

/* Begin PBXSourcesBuildPhase section */
		EEB5C0F92236A71B00CE7087 /* Sources */ = {
			isa = PBXSourcesBuildPhase;
			buildActionMask = 2147483647;
			files = (
				EEB5C1032236A71B00CE7087 /* ViewController.swift in Sources */,
				EEB5C1012236A71B00CE7087 /* AppDelegate.swift in Sources */,
			);
			runOnlyForDeploymentPostprocessing = 0;
		};
/* End PBXSourcesBuildPhase section */

/* Begin PBXVariantGroup section */
		EEB5C1042236A71B00CE7087 /* Main.storyboard */ = {
			isa = PBXVariantGroup;
			children = (
				EEB5C1052236A71B00CE7087 /* Base */,
			);
			name = Main.storyboard;
			sourceTree = "<group>";
		};
		EEB5C1092236A71C00CE7087 /* LaunchScreen.storyboard */ = {
			isa = PBXVariantGroup;
			children = (
				EEB5C10A2236A71C00CE7087 /* Base */,
			);
			name = LaunchScreen.storyboard;
			sourceTree = "<group>";
		};
/* End PBXVariantGroup section */

/* Begin XCBuildConfiguration section */
		EEB5C10D2236A71C00CE7087 /* Debug */ = {
			isa = XCBuildConfiguration;
			buildSettings = {
				ALWAYS_SEARCH_USER_PATHS = NO;
				CLANG_ANALYZER_NONNULL = YES;
				CLANG_ANALYZER_NUMBER_OBJECT_CONVERSION = YES_AGGRESSIVE;
				CLANG_CXX_LANGUAGE_STANDARD = "gnu++14";
				CLANG_CXX_LIBRARY = "libc++";
				CLANG_ENABLE_MODULES = YES;
				CLANG_ENABLE_OBJC_ARC = YES;
				CLANG_ENABLE_OBJC_WEAK = YES;
				CLANG_WARN_BLOCK_CAPTURE_AUTORELEASING = YES;
				CLANG_WARN_BOOL_CONVERSION = YES;
				CLANG_WARN_COMMA = YES;
				CLANG_WARN_CONSTANT_CONVERSION = YES;
				CLANG_WARN_DEPRECATED_OBJC_IMPLEMENTATIONS = YES;
				CLANG_WARN_DIRECT_OBJC_ISA_USAGE = YES_ERROR;
				CLANG_WARN_DOCUMENTATION_COMMENTS = YES;
				CLANG_WARN_EMPTY_BODY = YES;
				CLANG_WARN_ENUM_CONVERSION = YES;
				CLANG_WARN_INFINITE_RECURSION = YES;
				CLANG_WARN_INT_CONVERSION = YES;
				CLANG_WARN_NON_LITERAL_NULL_CONVERSION = YES;
				CLANG_WARN_OBJC_IMPLICIT_RETAIN_SELF = YES;
				CLANG_WARN_OBJC_LITERAL_CONVERSION = YES;
				CLANG_WARN_OBJC_ROOT_CLASS = YES_ERROR;
				CLANG_WARN_RANGE_LOOP_ANALYSIS = YES;
				CLANG_WARN_STRICT_PROTOTYPES = YES;
				CLANG_WARN_SUSPICIOUS_MOVE = YES;
				CLANG_WARN_UNGUARDED_AVAILABILITY = YES_AGGRESSIVE;
				CLANG_WARN_UNREACHABLE_CODE = YES;
				CLANG_WARN__DUPLICATE_METHOD_MATCH = YES;
				CODE_SIGN_IDENTITY = "iPhone Developer";
				COPY_PHASE_STRIP = NO;
				DEBUG_INFORMATION_FORMAT = dwarf;
				ENABLE_STRICT_OBJC_MSGSEND = YES;
				ENABLE_TESTABILITY = YES;
				GCC_C_LANGUAGE_STANDARD = gnu11;
				GCC_DYNAMIC_NO_PIC = NO;
				GCC_NO_COMMON_BLOCKS = YES;
				GCC_OPTIMIZATION_LEVEL = 0;
				GCC_PREPROCESSOR_DEFINITIONS = (
					"DEBUG=1",
					"$(inherited)",
				);
				GCC_WARN_64_TO_32_BIT_CONVERSION = YES;
				GCC_WARN_ABOUT_RETURN_TYPE = YES_ERROR;
				GCC_WARN_UNDECLARED_SELECTOR = YES;
				GCC_WARN_UNINITIALIZED_AUTOS = YES_AGGRESSIVE;
				GCC_WARN_UNUSED_FUNCTION = YES;
				GCC_WARN_UNUSED_VARIABLE = YES;
				IPHONEOS_DEPLOYMENT_TARGET = 12.1;
				MTL_ENABLE_DEBUG_INFO = INCLUDE_SOURCE;
				MTL_FAST_MATH = YES;
				ONLY_ACTIVE_ARCH = YES;
				SDKROOT = iphoneos;
				SWIFT_ACTIVE_COMPILATION_CONDITIONS = DEBUG;
				SWIFT_OPTIMIZATION_LEVEL = "-Onone";
			};
			name = Debug;
		};
		EEB5C10E2236A71C00CE7087 /* Release */ = {
			isa = XCBuildConfiguration;
			buildSettings = {
				ALWAYS_SEARCH_USER_PATHS = NO;
				CLANG_ANALYZER_NONNULL = YES;
				CLANG_ANALYZER_NUMBER_OBJECT_CONVERSION = YES_AGGRESSIVE;
				CLANG_CXX_LANGUAGE_STANDARD = "gnu++14";
				CLANG_CXX_LIBRARY = "libc++";
				CLANG_ENABLE_MODULES = YES;
				CLANG_ENABLE_OBJC_ARC = YES;
				CLANG_ENABLE_OBJC_WEAK = YES;
				CLANG_WARN_BLOCK_CAPTURE_AUTORELEASING = YES;
				CLANG_WARN_BOOL_CONVERSION = YES;
				CLANG_WARN_COMMA = YES;
				CLANG_WARN_CONSTANT_CONVERSION = YES;
				CLANG_WARN_DEPRECATED_OBJC_IMPLEMENTATIONS = YES;
				CLANG_WARN_DIRECT_OBJC_ISA_USAGE = YES_ERROR;
				CLANG_WARN_DOCUMENTATION_COMMENTS = YES;
				CLANG_WARN_EMPTY_BODY = YES;
				CLANG_WARN_ENUM_CONVERSION = YES;
				CLANG_WARN_INFINITE_RECURSION = YES;
				CLANG_WARN_INT_CONVERSION = YES;
				CLANG_WARN_NON_LITERAL_NULL_CONVERSION = YES;
				CLANG_WARN_OBJC_IMPLICIT_RETAIN_SELF = YES;
				CLANG_WARN_OBJC_LITERAL_CONVERSION = YES;
				CLANG_WARN_OBJC_ROOT_CLASS = YES_ERROR;
				CLANG_WARN_RANGE_LOOP_ANALYSIS = YES;
				CLANG_WARN_STRICT_PROTOTYPES = YES;
				CLANG_WARN_SUSPICIOUS_MOVE = YES;
				CLANG_WARN_UNGUARDED_AVAILABILITY = YES_AGGRESSIVE;
				CLANG_WARN_UNREACHABLE_CODE = YES;
				CLANG_WARN__DUPLICATE_METHOD_MATCH = YES;
				CODE_SIGN_IDENTITY = "iPhone Developer";
				COPY_PHASE_STRIP = NO;
				DEBUG_INFORMATION_FORMAT = "dwarf-with-dsym";
				ENABLE_NS_ASSERTIONS = NO;
				ENABLE_STRICT_OBJC_MSGSEND = YES;
				GCC_C_LANGUAGE_STANDARD = gnu11;
				GCC_NO_COMMON_BLOCKS = YES;
				GCC_WARN_64_TO_32_BIT_CONVERSION = YES;
				GCC_WARN_ABOUT_RETURN_TYPE = YES_ERROR;
				GCC_WARN_UNDECLARED_SELECTOR = YES;
				GCC_WARN_UNINITIALIZED_AUTOS = YES_AGGRESSIVE;
				GCC_WARN_UNUSED_FUNCTION = YES;
				GCC_WARN_UNUSED_VARIABLE = YES;
				IPHONEOS_DEPLOYMENT_TARGET = 12.1;
				MTL_ENABLE_DEBUG_INFO = NO;
				MTL_FAST_MATH = YES;
				SDKROOT = iphoneos;
				SWIFT_COMPILATION_MODE = wholemodule;
				SWIFT_OPTIMIZATION_LEVEL = "-O";
				VALIDATE_PRODUCT = YES;
			};
			name = Release;
		};
		EEB5C1102236A71C00CE7087 /* Debug */ = {
			isa = XCBuildConfiguration;
			buildSettings = {
				ASSETCATALOG_COMPILER_APPICON_NAME = AppIcon;
				CODE_SIGN_STYLE = Automatic;
				DEVELOPMENT_TEAM = 93CXP6R5M8;
				FRAMEWORK_SEARCH_PATHS = (
					"$(inherited)",
					"$(PROJECT_DIR)/TestingFrameworks/Frameworks/UI",
				);
				INFOPLIST_FILE = TestingFrameworks/Info.plist;
				IPHONEOS_DEPLOYMENT_TARGET = 9.0;
				LD_RUNPATH_SEARCH_PATHS = (
					"$(inherited)",
					"@executable_path/Frameworks",
				);
				PRODUCT_BUNDLE_IDENTIFIER = ljbdelacruz.TestingFrameworks;
				PRODUCT_NAME = "$(TARGET_NAME)";
				SWIFT_VERSION = 4.2;
				TARGETED_DEVICE_FAMILY = "1,2";
			};
			name = Debug;
		};
		EEB5C1112236A71C00CE7087 /* Release */ = {
			isa = XCBuildConfiguration;
			buildSettings = {
				ASSETCATALOG_COMPILER_APPICON_NAME = AppIcon;
				CODE_SIGN_STYLE = Automatic;
				DEVELOPMENT_TEAM = 93CXP6R5M8;
				FRAMEWORK_SEARCH_PATHS = (
					"$(inherited)",
					"$(PROJECT_DIR)/TestingFrameworks/Frameworks/UI",
				);
				INFOPLIST_FILE = TestingFrameworks/Info.plist;
				IPHONEOS_DEPLOYMENT_TARGET = 9.0;
				LD_RUNPATH_SEARCH_PATHS = (
					"$(inherited)",
					"@executable_path/Frameworks",
				);
				PRODUCT_BUNDLE_IDENTIFIER = ljbdelacruz.TestingFrameworks;
				PRODUCT_NAME = "$(TARGET_NAME)";
				SWIFT_VERSION = 4.2;
				TARGETED_DEVICE_FAMILY = "1,2";
			};
			name = Release;
		};
/* End XCBuildConfiguration section */

/* Begin XCConfigurationList section */
		EEB5C0F82236A71B00CE7087 /* Build configuration list for PBXProject "TestingFrameworks" */ = {
			isa = XCConfigurationList;
			buildConfigurations = (
				EEB5C10D2236A71C00CE7087 /* Debug */,
				EEB5C10E2236A71C00CE7087 /* Release */,
			);
			defaultConfigurationIsVisible = 0;
			defaultConfigurationName = Release;
		};
		EEB5C10F2236A71C00CE7087 /* Build configuration list for PBXNativeTarget "TestingFrameworks" */ = {
			isa = XCConfigurationList;
			buildConfigurations = (
				EEB5C1102236A71C00CE7087 /* Debug */,
				EEB5C1112236A71C00CE7087 /* Release */,
			);
			defaultConfigurationIsVisible = 0;
			defaultConfigurationName = Release;
		};
/* End XCConfigurationList section */
	};
	rootObject = EEB5C0F52236A71B00CE7087 /* Project object */;
}
